# THIS IS AN AUTOGENERATED FILE. DO NOT EDIT THIS FILE DIRECTLY.
# yarn lockfile v1


classnames@^2.5.1:
  version "2.5.1"
  resolved "https://registry.yarnpkg.com/classnames/-/classnames-2.5.1.tgz#ba774c614be0f016da105c858e7159eae8e7687b"
  integrity sha512-saHYOzhIQs6wy2sVxTM6bUDsQO4F50V9RQ22qBpEdCW+I+/Wmke2HOl6lS6dTpdxVhb88/I6+Hs+438c3lfUow==

fuzzysort@^3.1.0:
  version "3.1.0"
  resolved "https://registry.yarnpkg.com/fuzzysort/-/fuzzysort-3.1.0.tgz#4d7832d8fa48ad381753eaa7a7aae9927bdc10a8"
  integrity sha512-sR9BNCjBg6LNgwvxlBd0sBABvQitkLzoVY9MYYROQVX/FvfJ4Mai9LsGhDgd8qYdds0bY77VzYd5iuB+v5rwQQ==

preact@^10.28.4:
  version "10.28.4"
  resolved "https://registry.yarnpkg.com/preact/-/preact-10.28.4.tgz#8ffab01c5c0590535bdaecdd548801f44c6e483a"
  integrity sha512-uKFfOHWuSNpRFVTnljsCluEFq57OKT+0QdOiQo8XWnQ/pSvg7OpX5eNOejELXJMWy+BwM2nobz0FkvzmnpCNsQ==
